{
  "requires": true,
  "lockfileVersion": 1,
  "dependencies": {
    "@types/geojson": {
      "version": "7946.0.7",
      "resolved": "https://registry.npmjs.org/@types/geojson/-/geojson-7946.0.7.tgz",
      "integrity": "sha512-wE2v81i4C4Ol09RtsWFAqg3BUitWbHSpSlIo+bNdsCJijO9sjme+zm+73ZMCa/qMC8UEERxzGbvmr1cffo2SiQ=="
    },
    "@types/jquery": {
      "version": "3.5.3",
      "resolved": "https://registry.npmjs.org/@types/jquery/-/jquery-3.5.3.tgz",
      "integrity": "sha512-IENpHTjGksr2wQS6ZO8eMIE0tIB22Ywg+n3/yAWCa56VSZ26phcwAbFdh9+VNUWk7e83qB27QLax3Rf4G92Y9A==",
      "requires": {
        "@types/sizzle": "*"
      }
    },
    "@types/leaflet": {
      "version": "1.5.19",
      "resolved": "https://registry.npmjs.org/@types/leaflet/-/leaflet-1.5.19.tgz",
      "integrity": "sha512-ZAKqfvdU/+KFoCpf8aUba09F8mfSc8R2esq++Cha3E2DgwS5K/I/4eJ+0JylrVHZivgY7PSAeXFv/izP+81/MQ==",
      "requires": {
        "@types/geojson": "*"
      }
    },
    "@types/sizzle": {
      "version": "2.3.2",
      "resolved": "https://registry.npmjs.org/@types/sizzle/-/sizzle-2.3.2.tgz",
      "integrity": "sha512-7EJYyKTL7tFR8+gDbB6Wwz/arpGa0Mywk1TJbNzKzHtzbwVmY4HR9WqS5VV7dsBUKQmPNr192jHr/VpBluj/hg=="
    }
  }
}
